
Microsoft Visual Studio Solution File, Format Version 12.00
# Visual Studio 15
VisualStudioVersion = 15.0.28307.1267
MinimumVisualStudioVersion = 10.0.40219.1
Project("{888888A0-9F3D-457C-B088-3A5042F75D52}") = "analyseData", "analyseData\analyseData.pyproj", "{49A0FB2F-0A43-441E-B211-9307755401A8}"
EndProject
Global
	GlobalSection(SolutionConfigurationPlatforms) = preSolution
		Debug|Any CPU = Debug|Any CPU
		Release|Any CPU = Release|Any CPU
	EndGlobalSection
	GlobalSection(ProjectConfigurationPlatforms) = postSolution
		{49A0FB2F-0A43-441E-B211-9307755401A8}.Debug|Any CPU.ActiveCfg = Debug|Any CPU
		{49A0FB2F-0A43-441E-B211-9307755401A8}.Release|Any CPU.ActiveCfg = Release|Any CPU
	EndGlobalSection
	GlobalSection(SolutionProperties) = preSolution
		HideSolutionNode = FALSE
	EndGlobalSection
	GlobalSection(ExtensibilityGlobals) = postSolution
		SolutionGuid = {176680FE-7489-49C2-BA51-AA90B42A595B}
	EndGlobalSection
EndGlobal
